
Microsoft Visual Studio Solution File, Format Version 12.00
# Visual Studio Version 17
VisualStudioVersion = 17.14.36414.22 d17.14
MinimumVisualStudioVersion = 10.0.40219.1
Project("{FAE04EC0-301F-11D3-BF4B-00C04F79EFBC}") = "TinyUrlApi", "TinyUrlApi\TinyUrlApi.csproj", "{1ECEC3D9-8631-4450-93FC-C4C80F9E8C67}"
EndProject
Global
	GlobalSection(SolutionConfigurationPlatforms) = preSolution
		Debug|Any CPU = Debug|Any CPU
		Release|Any CPU = Release|Any CPU
	EndGlobalSection
	GlobalSection(ProjectConfigurationPlatforms) = postSolution
		{1ECEC3D9-8631-4450-93FC-C4C80F9E8C67}.Debug|Any CPU.ActiveCfg = Debug|Any CPU
		{1ECEC3D9-8631-4450-93FC-C4C80F9E8C67}.Debug|Any CPU.Build.0 = Debug|Any CPU
		{1ECEC3D9-8631-4450-93FC-C4C80F9E8C67}.Release|Any CPU.ActiveCfg = Release|Any CPU
		{1ECEC3D9-8631-4450-93FC-C4C80F9E8C67}.Release|Any CPU.Build.0 = Release|Any CPU
	EndGlobalSection
	GlobalSection(SolutionProperties) = preSolution
		HideSolutionNode = FALSE
	EndGlobalSection
	GlobalSection(ExtensibilityGlobals) = postSolution
		SolutionGuid = {ED0614B1-6EFD-42FB-8F0A-5749C085D119}
	EndGlobalSection
EndGlobal
